
Microsoft Visual Studio Solution File, Format Version 12.00
# Visual Studio 15
VisualStudioVersion = 15.0.28307.1500
MinimumVisualStudioVersion = 10.0.40219.1
Project("{FAE04EC0-301F-11D3-BF4B-00C04F79EFBC}") = "Password-Generator", "Password-Generator\Password-Generator.csproj", "{A3EB2622-BD7F-4D8A-B7BD-AAD99D0C706D}"
EndProject
Project("{FAE04EC0-301F-11D3-BF4B-00C04F79EFBC}") = "Domain", "Domain\Domain.csproj", "{7EEA6C4F-B836-4392-8F24-CDE639639425}"
EndProject
Global
	GlobalSection(SolutionConfigurationPlatforms) = preSolution
		Debug|Any CPU = Debug|Any CPU
		Release|Any CPU = Release|Any CPU
	EndGlobalSection
	GlobalSection(ProjectConfigurationPlatforms) = postSolution
		{A3EB2622-BD7F-4D8A-B7BD-AAD99D0C706D}.Debug|Any CPU.ActiveCfg = Debug|Any CPU
		{A3EB2622-BD7F-4D8A-B7BD-AAD99D0C706D}.Debug|Any CPU.Build.0 = Debug|Any CPU
		{A3EB2622-BD7F-4D8A-B7BD-AAD99D0C706D}.Release|Any CPU.ActiveCfg = Release|Any CPU
		{A3EB2622-BD7F-4D8A-B7BD-AAD99D0C706D}.Release|Any CPU.Build.0 = Release|Any CPU
		{7EEA6C4F-B836-4392-8F24-CDE639639425}.Debug|Any CPU.ActiveCfg = Debug|Any CPU
		{7EEA6C4F-B836-4392-8F24-CDE639639425}.Debug|Any CPU.Build.0 = Debug|Any CPU
		{7EEA6C4F-B836-4392-8F24-CDE639639425}.Release|Any CPU.ActiveCfg = Release|Any CPU
		{7EEA6C4F-B836-4392-8F24-CDE639639425}.Release|Any CPU.Build.0 = Release|Any CPU
	EndGlobalSection
	GlobalSection(SolutionProperties) = preSolution
		HideSolutionNode = FALSE
	EndGlobalSection
	GlobalSection(ExtensibilityGlobals) = postSolution
		SolutionGuid = {F77B975B-6504-44BB-82DC-381B92D8B22A}
	EndGlobalSection
EndGlobal
